
Microsoft Visual Studio Solution File, Format Version 12.00
# Visual Studio Version 17
VisualStudioVersion = 17.0.31903.59
MinimumVisualStudioVersion = 10.0.40219.1
Project("{FAE04EC0-301F-11D3-BF4B-00C04F79EFBC}") = "WebApi", "backend\WebApi.csproj", "{B20D4894-2F27-43E9-8367-0655AEF652D6}"
EndProject
Project("{FAE04EC0-301F-11D3-BF4B-00C04F79EFBC}") = "Entities", "Entities\Entities.csproj", "{3400B323-5302-40F2-B5BE-CABC754A3A12}"
EndProject
Project("{FAE04EC0-301F-11D3-BF4B-00C04F79EFBC}") = "Repository", "Repository\Repository.csproj", "{965A64CC-748E-4610-88BE-9F2D9D9E310D}"
EndProject
Project("{FAE04EC0-301F-11D3-BF4B-00C04F79EFBC}") = "Services", "Services\Services.csproj", "{DD1D3FF5-DD5C-421C-948A-54C1ECDD163D}"
EndProject
Global
	GlobalSection(SolutionConfigurationPlatforms) = preSolution
		Debug|Any CPU = Debug|Any CPU
		Release|Any CPU = Release|Any CPU
	EndGlobalSection
	GlobalSection(ProjectConfigurationPlatforms) = postSolution
		{B20D4894-2F27-43E9-8367-0655AEF652D6}.Debug|Any CPU.ActiveCfg = Debug|Any CPU
		{B20D4894-2F27-43E9-8367-0655AEF652D6}.Debug|Any CPU.Build.0 = Debug|Any CPU
		{B20D4894-2F27-43E9-8367-0655AEF652D6}.Release|Any CPU.ActiveCfg = Release|Any CPU
		{B20D4894-2F27-43E9-8367-0655AEF652D6}.Release|Any CPU.Build.0 = Release|Any CPU
		{3400B323-5302-40F2-B5BE-CABC754A3A12}.Debug|Any CPU.ActiveCfg = Debug|Any CPU
		{3400B323-5302-40F2-B5BE-CABC754A3A12}.Debug|Any CPU.Build.0 = Debug|Any CPU
		{3400B323-5302-40F2-B5BE-CABC754A3A12}.Release|Any CPU.ActiveCfg = Release|Any CPU
		{3400B323-5302-40F2-B5BE-CABC754A3A12}.Release|Any CPU.Build.0 = Release|Any CPU
		{965A64CC-748E-4610-88BE-9F2D9D9E310D}.Debug|Any CPU.ActiveCfg = Debug|Any CPU
		{965A64CC-748E-4610-88BE-9F2D9D9E310D}.Debug|Any CPU.Build.0 = Debug|Any CPU
		{965A64CC-748E-4610-88BE-9F2D9D9E310D}.Release|Any CPU.ActiveCfg = Release|Any CPU
		{965A64CC-748E-4610-88BE-9F2D9D9E310D}.Release|Any CPU.Build.0 = Release|Any CPU
		{DD1D3FF5-DD5C-421C-948A-54C1ECDD163D}.Debug|Any CPU.ActiveCfg = Debug|Any CPU
		{DD1D3FF5-DD5C-421C-948A-54C1ECDD163D}.Debug|Any CPU.Build.0 = Debug|Any CPU
		{DD1D3FF5-DD5C-421C-948A-54C1ECDD163D}.Release|Any CPU.ActiveCfg = Release|Any CPU
		{DD1D3FF5-DD5C-421C-948A-54C1ECDD163D}.Release|Any CPU.Build.0 = Release|Any CPU
	EndGlobalSection
	GlobalSection(SolutionProperties) = preSolution
		HideSolutionNode = FALSE
	EndGlobalSection
EndGlobal
